
Microsoft Visual Studio Solution File, Format Version 12.00
# Visual Studio Version 17
VisualStudioVersion = 17.11.35312.102
MinimumVisualStudioVersion = 10.0.40219.1
Project("{FAE04EC0-301F-11D3-BF4B-00C04F79EFBC}") = "DoltSharp", "DoltSharp\DoltSharp.csproj", "{7601779A-2990-468A-8FBB-0BEBC302F73A}"
EndProject
Global
	GlobalSection(SolutionConfigurationPlatforms) = preSolution
		Debug|Any CPU = Debug|Any CPU
		Release|Any CPU = Release|Any CPU
	EndGlobalSection
	GlobalSection(ProjectConfigurationPlatforms) = postSolution
		{7601779A-2990-468A-8FBB-0BEBC302F73A}.Debug|Any CPU.ActiveCfg = Debug|Any CPU
		{7601779A-2990-468A-8FBB-0BEBC302F73A}.Debug|Any CPU.Build.0 = Debug|Any CPU
		{7601779A-2990-468A-8FBB-0BEBC302F73A}.Release|Any CPU.ActiveCfg = Release|Any CPU
		{7601779A-2990-468A-8FBB-0BEBC302F73A}.Release|Any CPU.Build.0 = Release|Any CPU
	EndGlobalSection
	GlobalSection(SolutionProperties) = preSolution
		HideSolutionNode = FALSE
	EndGlobalSection
	GlobalSection(ExtensibilityGlobals) = postSolution
		SolutionGuid = {6AAAB8A3-191E-4161-B6FE-725809CA7067}
	EndGlobalSection
EndGlobal
